
Microsoft Visual Studio Solution File, Format Version 12.00
# Visual Studio Version 17
VisualStudioVersion = 17.8.34525.116
MinimumVisualStudioVersion = 10.0.40219.1
Project("{9A19103F-16F7-4668-BE54-9A1E7A4F7556}") = "MyBank.API", "MyBank.API\MyBank.API.csproj", "{53E57E14-2211-4C62-B91F-5DDF35C1170C}"
EndProject
Project("{9A19103F-16F7-4668-BE54-9A1E7A4F7556}") = "MyBank.Core", "MyBank.Core\MyBank.Core.csproj", "{71B3AE9D-5E80-4608-8379-2793C3773FA5}"
EndProject
Project("{9A19103F-16F7-4668-BE54-9A1E7A4F7556}") = "MyBank.DataAccess", "MyBank.DataAccess\MyBank.DataAccess.csproj", "{3CB5226E-EAD1-45C2-A9E2-FDA16D117F4D}"
EndProject
Project("{9A19103F-16F7-4668-BE54-9A1E7A4F7556}") = "MyBank.Application", "MyBank.Application\MyBank.Application.csproj", "{9795176C-0D60-44AB-8715-78B904D4DB1F}"
EndProject
Global
	GlobalSection(SolutionConfigurationPlatforms) = preSolution
		Debug|Any CPU = Debug|Any CPU
		Release|Any CPU = Release|Any CPU
	EndGlobalSection
	GlobalSection(ProjectConfigurationPlatforms) = postSolution
		{53E57E14-2211-4C62-B91F-5DDF35C1170C}.Debug|Any CPU.ActiveCfg = Debug|Any CPU
		{53E57E14-2211-4C62-B91F-5DDF35C1170C}.Debug|Any CPU.Build.0 = Debug|Any CPU
		{53E57E14-2211-4C62-B91F-5DDF35C1170C}.Release|Any CPU.ActiveCfg = Release|Any CPU
		{53E57E14-2211-4C62-B91F-5DDF35C1170C}.Release|Any CPU.Build.0 = Release|Any CPU
		{71B3AE9D-5E80-4608-8379-2793C3773FA5}.Debug|Any CPU.ActiveCfg = Debug|Any CPU
		{71B3AE9D-5E80-4608-8379-2793C3773FA5}.Debug|Any CPU.Build.0 = Debug|Any CPU
		{71B3AE9D-5E80-4608-8379-2793C3773FA5}.Release|Any CPU.ActiveCfg = Release|Any CPU
		{71B3AE9D-5E80-4608-8379-2793C3773FA5}.Release|Any CPU.Build.0 = Release|Any CPU
		{3CB5226E-EAD1-45C2-A9E2-FDA16D117F4D}.Debug|Any CPU.ActiveCfg = Debug|Any CPU
		{3CB5226E-EAD1-45C2-A9E2-FDA16D117F4D}.Debug|Any CPU.Build.0 = Debug|Any CPU
		{3CB5226E-EAD1-45C2-A9E2-FDA16D117F4D}.Release|Any CPU.ActiveCfg = Release|Any CPU
		{3CB5226E-EAD1-45C2-A9E2-FDA16D117F4D}.Release|Any CPU.Build.0 = Release|Any CPU
		{9795176C-0D60-44AB-8715-78B904D4DB1F}.Debug|Any CPU.ActiveCfg = Debug|Any CPU
		{9795176C-0D60-44AB-8715-78B904D4DB1F}.Debug|Any CPU.Build.0 = Debug|Any CPU
		{9795176C-0D60-44AB-8715-78B904D4DB1F}.Release|Any CPU.ActiveCfg = Release|Any CPU
		{9795176C-0D60-44AB-8715-78B904D4DB1F}.Release|Any CPU.Build.0 = Release|Any CPU
	EndGlobalSection
	GlobalSection(SolutionProperties) = preSolution
		HideSolutionNode = FALSE
	EndGlobalSection
	GlobalSection(ExtensibilityGlobals) = postSolution
		SolutionGuid = {BA4162E6-F48E-4E92-B98C-6182E73A1FA5}
	EndGlobalSection
EndGlobal
